Microsoft Visual Studio Solution File, Format Version 12.00
# Visual Studio Version 17
Project("{FAE04EC0-301F-11D3-BF4B-00C04F79EFBC}") = "GH-AITranslator", "src\GHAITranslator\GHAITranslator.csproj", "{B1E2A3F4-1234-5678-9ABC-DEF012345678}"
EndProject
Project("{FAE04EC0-301F-11D3-BF4B-00C04F79EFBC}") = "GHAITranslator.Core", "src\GHAITranslator.Core\GHAITranslator.Core.csproj", "{C2E3B4A5-2345-6789-ABCD-EF0123456789}"
EndProject
Project("{FAE04EC0-301F-11D3-BF4B-00C04F79EFBC}") = "GHAITranslator.Tests", "tests\GHAITranslator.Tests\GHAITranslator.Tests.csproj", "{D3E4C5B6-3456-7890-BCDE-F01234567890}"
EndProject
Global
	GlobalSection(SolutionConfigurationPlatforms) = preSolution
		Debug|Any CPU = Debug|Any CPU
		Release|Any CPU = Release|Any CPU
	EndGlobalSection
	GlobalSection(ProjectConfigurationPlatforms) = postSolution
		{B1E2A3F4-1234-5678-9ABC-DEF012345678}.Debug|Any CPU.ActiveCfg = Debug|Any CPU
		{B1E2A3F4-1234-5678-9ABC-DEF012345678}.Debug|Any CPU.Build.0 = Debug|Any CPU
		{B1E2A3F4-1234-5678-9ABC-DEF012345678}.Release|Any CPU.ActiveCfg = Release|Any CPU
		{B1E2A3F4-1234-5678-9ABC-DEF012345678}.Release|Any CPU.Build.0 = Release|Any CPU
		{C2E3B4A5-2345-6789-ABCD-EF0123456789}.Debug|Any CPU.ActiveCfg = Debug|Any CPU
		{C2E3B4A5-2345-6789-ABCD-EF0123456789}.Debug|Any CPU.Build.0 = Debug|Any CPU
		{C2E3B4A5-2345-6789-ABCD-EF0123456789}.Release|Any CPU.ActiveCfg = Release|Any CPU
		{C2E3B4A5-2345-6789-ABCD-EF0123456789}.Release|Any CPU.Build.0 = Release|Any CPU
		{D3E4C5B6-3456-7890-BCDE-F01234567890}.Debug|Any CPU.ActiveCfg = Debug|Any CPU
		{D3E4C5B6-3456-7890-BCDE-F01234567890}.Debug|Any CPU.Build.0 = Debug|Any CPU
		{D3E4C5B6-3456-7890-BCDE-F01234567890}.Release|Any CPU.ActiveCfg = Release|Any CPU
		{D3E4C5B6-3456-7890-BCDE-F01234567890}.Release|Any CPU.Build.0 = Release|Any CPU
	EndGlobalSection
EndGlobal
